PODS:
  - CocoaLumberjack (3.6.2):
    - CocoaLumberjack/Core (= 3.6.2)
  - CocoaLumberjack/Core (3.6.2)
  - lottie-ios (3.1.8)
  - PersonaInquirySDK (0.12.1):
    - lottie-ios (= 3.1.8)
    - SVGKit (= 3.0.0-beta3)
  - SVGKit (3.0.0-beta3):
    - CocoaLumberjack (~> 3.0)

DEPENDENCIES:
  - PersonaInquirySDK

SPEC REPOS:
  trunk:
    - CocoaLumberjack
    - lottie-ios
    - PersonaInquirySDK
    - SVGKit

SPEC CHECKSUMS:
  CocoaLumberjack: bd155f2dd06c0e0b03f876f7a3ee55693122ec94
  lottie-ios: 48fac6be217c76937e36e340e2d09cf7b10b7f5f
  PersonaInquirySDK: 60823630028d18f00d33927a613be4ecc5a4c812
  SVGKit: 35ddd1bb2f711bcb25227be8b356facccbffc32d

PODFILE CHECKSUM: 27e716ea038bd16445708caf25ebb13be5ab990f

COCOAPODS: 1.9.3
